
Microsoft Visual Studio Solution File, Format Version 12.00
# Visual Studio Version 17
VisualStudioVersion = 17.1.32328.378
MinimumVisualStudioVersion = 10.0.40219.1
Project("{2150E333-8FDC-42A3-9474-1A3956D46DE8}") = "src", "src", "{4B748A31-0CDB-469B-87BD-47C72CCFB9AA}"
EndProject
Project("{2150E333-8FDC-42A3-9474-1A3956D46DE8}") = "test", "test", "{0B6403EC-2F72-4836-BB81-9F79416C124C}"
EndProject
Project("{2150E333-8FDC-42A3-9474-1A3956D46DE8}") = "API", "API", "{791A2CFC-4F07-4080-8178-7175FFAD732F}"
EndProject
Project("{2150E333-8FDC-42A3-9474-1A3956D46DE8}") = "Core", "Core", "{7FA38F92-97B1-4591-852E-C8949739972A}"
EndProject
Project("{2150E333-8FDC-42A3-9474-1A3956D46DE8}") = "Infrastructure", "Infrastructure", "{F22048F8-784C-40B4-A492-748496F66B73}"
EndProject
Project("{2150E333-8FDC-42A3-9474-1A3956D46DE8}") = "UI", "UI", "{FD876FD0-D6F3-41F5-9523-BF10C0823DF4}"
EndProject
Project("{9A19103F-16F7-4668-BE54-9A1E7A4F7556}") = "HR.LeaveManagement.Domain", "HR.LeaveManagement.Domain\HR.LeaveManagement.Domain.csproj", "{000094F8-7E4F-4752-A38F-18F1BE9394DA}"
EndProject
Project("{9A19103F-16F7-4668-BE54-9A1E7A4F7556}") = "HR.LeaveManagement.Application", "HR.LeaveManagement.Application\HR.LeaveManagement.Application.csproj", "{DA1D04DD-9429-448E-9562-DCC7E90EAFEF}"
EndProject
Project("{9A19103F-16F7-4668-BE54-9A1E7A4F7556}") = "HR.LeaveManagement.Infrastructure", "HR.LeaveManagement.Infrastructure\HR.LeaveManagement.Infrastructure.csproj", "{F7223485-9F53-41FB-B3F4-D953F004034F}"
EndProject
Project("{9A19103F-16F7-4668-BE54-9A1E7A4F7556}") = "HR.LeaveManagement.Persistence", "HR.LeaveManagement.Persistence\HR.LeaveManagement.Persistence.csproj", "{1603A8F4-434B-4A2D-85FA-ACB1D540D16F}"
EndProject
Project("{9A19103F-16F7-4668-BE54-9A1E7A4F7556}") = "HR.LeaveManagement.Api", "HR.LeaveManagement.Api\HR.LeaveManagement.Api.csproj", "{B535A16D-4FA1-4804-A843-C8C65173C7E1}"
EndProject
Project("{FAE04EC0-301F-11D3-BF4B-00C04F79EFBC}") = "HR.LeaveManagement.Application.UnitTests", "HR.LeaveManagement.Application.UnitTests\HR.LeaveManagement.Application.UnitTests.csproj", "{69517E54-8193-4EAC-A011-42A29197FC9C}"
EndProject
Project("{FAE04EC0-301F-11D3-BF4B-00C04F79EFBC}") = "HR.LeaveManagement.MVC", "HR.LeaveManagement.MVC\HR.LeaveManagement.MVC.csproj", "{2E22337F-C4EC-498F-A2A7-2D591A7C2CEA}"
EndProject
Project("{FAE04EC0-301F-11D3-BF4B-00C04F79EFBC}") = "HR.LeaveManagement.Identity", "HR.LeaveManagement.Identity\HR.LeaveManagement.Identity.csproj", "{9B86543B-9E26-41C4-96B4-92CBA2596CD2}"
EndProject
Global
	GlobalSection(SolutionConfigurationPlatforms) = preSolution
		Debug|Any CPU = Debug|Any CPU
		Release|Any CPU = Release|Any CPU
	EndGlobalSection
	GlobalSection(ProjectConfigurationPlatforms) = postSolution
		{000094F8-7E4F-4752-A38F-18F1BE9394DA}.Debug|Any CPU.ActiveCfg = Debug|Any CPU
		{000094F8-7E4F-4752-A38F-18F1BE9394DA}.Debug|Any CPU.Build.0 = Debug|Any CPU
		{000094F8-7E4F-4752-A38F-18F1BE9394DA}.Release|Any CPU.ActiveCfg = Release|Any CPU
		{000094F8-7E4F-4752-A38F-18F1BE9394DA}.Release|Any CPU.Build.0 = Release|Any CPU
		{DA1D04DD-9429-448E-9562-DCC7E90EAFEF}.Debug|Any CPU.ActiveCfg = Debug|Any CPU
		{DA1D04DD-9429-448E-9562-DCC7E90EAFEF}.Debug|Any CPU.Build.0 = Debug|Any CPU
		{DA1D04DD-9429-448E-9562-DCC7E90EAFEF}.Release|Any CPU.ActiveCfg = Release|Any CPU
		{DA1D04DD-9429-448E-9562-DCC7E90EAFEF}.Release|Any CPU.Build.0 = Release|Any CPU
		{F7223485-9F53-41FB-B3F4-D953F004034F}.Debug|Any CPU.ActiveCfg = Debug|Any CPU
		{F7223485-9F53-41FB-B3F4-D953F004034F}.Debug|Any CPU.Build.0 = Debug|Any CPU
		{F7223485-9F53-41FB-B3F4-D953F004034F}.Release|Any CPU.ActiveCfg = Release|Any CPU
		{F7223485-9F53-41FB-B3F4-D953F004034F}.Release|Any CPU.Build.0 = Release|Any CPU
		{1603A8F4-434B-4A2D-85FA-ACB1D540D16F}.Debug|Any CPU.ActiveCfg = Debug|Any CPU
		{1603A8F4-434B-4A2D-85FA-ACB1D540D16F}.Debug|Any CPU.Build.0 = Debug|Any CPU
		{1603A8F4-434B-4A2D-85FA-ACB1D540D16F}.Release|Any CPU.ActiveCfg = Release|Any CPU
		{1603A8F4-434B-4A2D-85FA-ACB1D540D16F}.Release|Any CPU.Build.0 = Release|Any CPU
		{B535A16D-4FA1-4804-A843-C8C65173C7E1}.Debug|Any CPU.ActiveCfg = Debug|Any CPU
		{B535A16D-4FA1-4804-A843-C8C65173C7E1}.Debug|Any CPU.Build.0 = Debug|Any CPU
		{B535A16D-4FA1-4804-A843-C8C65173C7E1}.Release|Any CPU.ActiveCfg = Release|Any CPU
		{B535A16D-4FA1-4804-A843-C8C65173C7E1}.Release|Any CPU.Build.0 = Release|Any CPU
		{69517E54-8193-4EAC-A011-42A29197FC9C}.Debug|Any CPU.ActiveCfg = Debug|Any CPU
		{69517E54-8193-4EAC-A011-42A29197FC9C}.Debug|Any CPU.Build.0 = Debug|Any CPU
		{69517E54-8193-4EAC-A011-42A29197FC9C}.Release|Any CPU.ActiveCfg = Release|Any CPU
		{69517E54-8193-4EAC-A011-42A29197FC9C}.Release|Any CPU.Build.0 = Release|Any CPU
		{2E22337F-C4EC-498F-A2A7-2D591A7C2CEA}.Debug|Any CPU.ActiveCfg = Debug|Any CPU
		{2E22337F-C4EC-498F-A2A7-2D591A7C2CEA}.Debug|Any CPU.Build.0 = Debug|Any CPU
		{2E22337F-C4EC-498F-A2A7-2D591A7C2CEA}.Release|Any CPU.ActiveCfg = Release|Any CPU
		{2E22337F-C4EC-498F-A2A7-2D591A7C2CEA}.Release|Any CPU.Build.0 = Release|Any CPU
		{9B86543B-9E26-41C4-96B4-92CBA2596CD2}.Debug|Any CPU.ActiveCfg = Debug|Any CPU
		{9B86543B-9E26-41C4-96B4-92CBA2596CD2}.Debug|Any CPU.Build.0 = Debug|Any CPU
		{9B86543B-9E26-41C4-96B4-92CBA2596CD2}.Release|Any CPU.ActiveCfg = Release|Any CPU
		{9B86543B-9E26-41C4-96B4-92CBA2596CD2}.Release|Any CPU.Build.0 = Release|Any CPU
	EndGlobalSection
	GlobalSection(SolutionProperties) = preSolution
		HideSolutionNode = FALSE
	EndGlobalSection
	GlobalSection(NestedProjects) = preSolution
		{791A2CFC-4F07-4080-8178-7175FFAD732F} = {4B748A31-0CDB-469B-87BD-47C72CCFB9AA}
		{7FA38F92-97B1-4591-852E-C8949739972A} = {4B748A31-0CDB-469B-87BD-47C72CCFB9AA}
		{F22048F8-784C-40B4-A492-748496F66B73} = {4B748A31-0CDB-469B-87BD-47C72CCFB9AA}
		{FD876FD0-D6F3-41F5-9523-BF10C0823DF4} = {4B748A31-0CDB-469B-87BD-47C72CCFB9AA}
		{000094F8-7E4F-4752-A38F-18F1BE9394DA} = {7FA38F92-97B1-4591-852E-C8949739972A}
		{DA1D04DD-9429-448E-9562-DCC7E90EAFEF} = {7FA38F92-97B1-4591-852E-C8949739972A}
		{F7223485-9F53-41FB-B3F4-D953F004034F} = {F22048F8-784C-40B4-A492-748496F66B73}
		{1603A8F4-434B-4A2D-85FA-ACB1D540D16F} = {F22048F8-784C-40B4-A492-748496F66B73}
		{B535A16D-4FA1-4804-A843-C8C65173C7E1} = {791A2CFC-4F07-4080-8178-7175FFAD732F}
		{69517E54-8193-4EAC-A011-42A29197FC9C} = {0B6403EC-2F72-4836-BB81-9F79416C124C}
		{2E22337F-C4EC-498F-A2A7-2D591A7C2CEA} = {FD876FD0-D6F3-41F5-9523-BF10C0823DF4}
		{9B86543B-9E26-41C4-96B4-92CBA2596CD2} = {F22048F8-784C-40B4-A492-748496F66B73}
	EndGlobalSection
	GlobalSection(ExtensibilityGlobals) = postSolution
		SolutionGuid = {70FD6D2E-E7BC-441A-9780-139A4B4BFCDB}
	EndGlobalSection
EndGlobal
